// !$*UTF8*$!
{
	archiveVersion = 1;
	classes = {
	};
	objectVersion = 46;
	objects = {

/* Begin PBXBuildFile section */
		0460C581F697393968719493 /* libPods-XLAFNetworkingTests.a in Frameworks */ = {isa = PBXBuildFile; fileRef = 3FE9F0792E3B11B69C65BB19 /* libPods-XLAFNetworkingTests.a */; };
		11F1BC82414EE6FAA8136240 /* libPods-XLAFNetworkingUITests.a in Frameworks */ = {isa = PBXBuildFile; fileRef = D4E9D9FAA045DCA237906B8C /* libPods-XLAFNetworkingUITests.a */; };
		844150251D767DE700A208DC /* HttpRequestMode.m in Sources */ = {isa = PBXBuildFile; fileRef = 844150241D767DE700A208DC /* HttpRequestMode.m */; };
		847B99971D7E9D6500315FA9 /* FMDatabase.m in Sources */ = {isa = PBXBuildFile; fileRef = 847B998C1D7E9D6500315FA9 /* FMDatabase.m */; };
		847B99981D7E9D6500315FA9 /* FMDatabaseAdditions.m in Sources */ = {isa = PBXBuildFile; fileRef = 847B998E1D7E9D6500315FA9 /* FMDatabaseAdditions.m */; };
		847B99991D7E9D6500315FA9 /* FMDatabasePool.m in Sources */ = {isa = PBXBuildFile; fileRef = 847B99901D7E9D6500315FA9 /* FMDatabasePool.m */; };
		847B999A1D7E9D6500315FA9 /* FMDatabaseQueue.m in Sources */ = {isa = PBXBuildFile; fileRef = 847B99921D7E9D6500315FA9 /* FMDatabaseQueue.m */; };
		847B999B1D7E9D6500315FA9 /* FMResultSet.m in Sources */ = {isa = PBXBuildFile; fileRef = 847B99951D7E9D6500315FA9 /* FMResultSet.m */; };
		847B999C1D7E9D6500315FA9 /* Info.plist in Resources */ = {isa = PBXBuildFile; fileRef = 847B99961D7E9D6500315FA9 /* Info.plist */; };
		847B99A01D7EA00900315FA9 /* libsqlite3.tbd in Frameworks */ = {isa = PBXBuildFile; fileRef = 847B999F1D7EA00900315FA9 /* libsqlite3.tbd */; };
		847B99A31D7EB88800315FA9 /* CacheCleanerPlugin.m in Sources */ = {isa = PBXBuildFile; fileRef = 847B99A21D7EB88800315FA9 /* CacheCleanerPlugin.m */; };
		847B99A61D7EB8A400315FA9 /* RetainCycleLoggerPlugin.m in Sources */ = {isa = PBXBuildFile; fileRef = 847B99A51D7EB8A400315FA9 /* RetainCycleLoggerPlugin.m */; };
		847B99CD1D7EC78500315FA9 /* FMDatabase+Chain.m in Sources */ = {isa = PBXBuildFile; fileRef = 847B99A91D7EC78500315FA9 /* FMDatabase+Chain.m */; };
		847B99CE1D7EC78500315FA9 /* FMDatabase+JRDB.m in Sources */ = {isa = PBXBuildFile; fileRef = 847B99AB1D7EC78500315FA9 /* FMDatabase+JRDB.m */; };
		847B99CF1D7EC78500315FA9 /* JRActivatedProperty.m in Sources */ = {isa = PBXBuildFile; fileRef = 847B99AD1D7EC78500315FA9 /* JRActivatedProperty.m */; };
		847B99D01D7EC78500315FA9 /* JRColumnSchema.m in Sources */ = {isa = PBXBuildFile; fileRef = 847B99AF1D7EC78500315FA9 /* JRColumnSchema.m */; };
		847B99D11D7EC78500315FA9 /* JRDBChain.m in Sources */ = {isa = PBXBuildFile; fileRef = 847B99B21D7EC78500315FA9 /* JRDBChain.m */; };
		847B99D21D7EC78500315FA9 /* JRDBMgr.m in Sources */ = {isa = PBXBuildFile; fileRef = 847B99B41D7EC78500315FA9 /* JRDBMgr.m */; };
		847B99D31D7EC78500315FA9 /* JRDBQueue.m in Sources */ = {isa = PBXBuildFile; fileRef = 847B99B61D7EC78500315FA9 /* JRDBQueue.m */; };
		847B99D41D7EC78500315FA9 /* JRDBResult.m in Sources */ = {isa = PBXBuildFile; fileRef = 847B99B81D7EC78500315FA9 /* JRDBResult.m */; };
		847B99D51D7EC78500315FA9 /* JRFMDBResultSetHandler.m in Sources */ = {isa = PBXBuildFile; fileRef = 847B99BA1D7EC78500315FA9 /* JRFMDBResultSetHandler.m */; };
		847B99D61D7EC78500315FA9 /* JRMiddleTable.m in Sources */ = {isa = PBXBuildFile; fileRef = 847B99BC1D7EC78500315FA9 /* JRMiddleTable.m */; };
		847B99D71D7EC78500315FA9 /* JRQueryCondition.m in Sources */ = {isa = PBXBuildFile; fileRef = 847B99BF1D7EC78500315FA9 /* JRQueryCondition.m */; };
		847B99D81D7EC78500315FA9 /* JRReflectUtil.m in Sources */ = {isa = PBXBuildFile; fileRef = 847B99C21D7EC78500315FA9 /* JRReflectUtil.m */; };
		847B99D91D7EC78500315FA9 /* JRSqlGenerator.m in Sources */ = {isa = PBXBuildFile; fileRef = 847B99C41D7EC78500315FA9 /* JRSqlGenerator.m */; };
		847B99DA1D7EC78500315FA9 /* JRUtils.m in Sources */ = {isa = PBXBuildFile; fileRef = 847B99C61D7EC78500315FA9 /* JRUtils.m */; };
		847B99DB1D7EC78500315FA9 /* NSObject+JRDB.m in Sources */ = {isa = PBXBuildFile; fileRef = 847B99C81D7EC78500315FA9 /* NSObject+JRDB.m */; };
		847B99DC1D7EC78500315FA9 /* NSObject+Reflect.m in Sources */ = {isa = PBXBuildFile; fileRef = 847B99CA1D7EC78500315FA9 /* NSObject+Reflect.m */; };
		847B99DD1D7EC78500315FA9 /* OBJCProperty.m in Sources */ = {isa = PBXBuildFile; fileRef = 847B99CC1D7EC78500315FA9 /* OBJCProperty.m */; };
		849199991D7FDE5C0098886D /* OffLineCache.m in Sources */ = {isa = PBXBuildFile; fileRef = 849199981D7FDE5C0098886D /* OffLineCache.m */; };
		84D14C351D473B4900266602 /* main.m in Sources */ = {isa = PBXBuildFile; fileRef = 84D14C341D473B4900266602 /* main.m */; };
		84D14C381D473B4900266602 /* AppDelegate.m in Sources */ = {isa = PBXBuildFile; fileRef = 84D14C371D473B4900266602 /* AppDelegate.m */; };
		84D14C3B1D473B4A00266602 /* ViewController.m in Sources */ = {isa = PBXBuildFile; fileRef = 84D14C3A1D473B4A00266602 /* ViewController.m */; };
		84D14C3E1D473B4A00266602 /* Main.storyboard in Resources */ = {isa = PBXBuildFile; fileRef = 84D14C3C1D473B4A00266602 /* Main.storyboard */; };
		84D14C401D473B4A00266602 /* Assets.xcassets in Resources */ = {isa = PBXBuildFile; fileRef = 84D14C3F1D473B4A00266602 /* Assets.xcassets */; };
		84D14C431D473B4A00266602 /* LaunchScreen.storyboard in Resources */ = {isa = PBXBuildFile; fileRef = 84D14C411D473B4A00266602 /* LaunchScreen.storyboard */; };
		84D14C4E1D473B4B00266602 /* XLAFNetworkingTests.m in Sources */ = {isa = PBXBuildFile; fileRef = 84D14C4D1D473B4B00266602 /* XLAFNetworkingTests.m */; };
		84D14C591D473B4C00266602 /* XLAFNetworkingUITests.m in Sources */ = {isa = PBXBuildFile; fileRef = 84D14C581D473B4C00266602 /* XLAFNetworkingUITests.m */; };
		84D14C871D473BFA00266602 /* AFHTTPSessionManager.m in Sources */ = {isa = PBXBuildFile; fileRef = 84D14C691D473BFA00266602 /* AFHTTPSessionManager.m */; };
		84D14C881D473BFA00266602 /* AFNetworkReachabilityManager.m in Sources */ = {isa = PBXBuildFile; fileRef = 84D14C6C1D473BFA00266602 /* AFNetworkReachabilityManager.m */; };
		84D14C891D473BFA00266602 /* AFSecurityPolicy.m in Sources */ = {isa = PBXBuildFile; fileRef = 84D14C6E1D473BFA00266602 /* AFSecurityPolicy.m */; };
		84D14C8A1D473BFA00266602 /* AFURLRequestSerialization.m in Sources */ = {isa = PBXBuildFile; fileRef = 84D14C701D473BFA00266602 /* AFURLRequestSerialization.m */; };
		84D14C8B1D473BFA00266602 /* AFURLResponseSerialization.m in Sources */ = {isa = PBXBuildFile; fileRef = 84D14C721D473BFA00266602 /* AFURLResponseSerialization.m */; };
		84D14C8C1D473BFA00266602 /* AFURLSessionManager.m in Sources */ = {isa = PBXBuildFile; fileRef = 84D14C741D473BFA00266602 /* AFURLSessionManager.m */; };
		84D14C8F1D473BFA00266602 /* HttpClient.m in Sources */ = {isa = PBXBuildFile; fileRef = 84D14C7C1D473BFA00266602 /* HttpClient.m */; };
		84D14C901D473BFA00266602 /* HttpError.m in Sources */ = {isa = PBXBuildFile; fileRef = 84D14C7E1D473BFA00266602 /* HttpError.m */; };
		84D14C911D473BFA00266602 /* HttpFileLoadProgress.m in Sources */ = {isa = PBXBuildFile; fileRef = 84D14C801D473BFA00266602 /* HttpFileLoadProgress.m */; };
		84D14C921D473BFA00266602 /* HttpRequest.m in Sources */ = {isa = PBXBuildFile; fileRef = 84D14C821D473BFA00266602 /* HttpRequest.m */; };
		84D14C931D473BFA00266602 /* HttpResponse.m in Sources */ = {isa = PBXBuildFile; fileRef = 84D14C841D473BFA00266602 /* HttpResponse.m */; };
		84D14C941D473BFA00266602 /* UploadModel.m in Sources */ = {isa = PBXBuildFile; fileRef = 84D14C861D473BFA00266602 /* UploadModel.m */; };
		C87B83C0E3D7B43F5F9693E9 /* libPods-XLAFNetworking.a in Frameworks */ = {isa = PBXBuildFile; fileRef = 8B788D27AEA7FC0F2F6FCF89 /* libPods-XLAFNetworking.a */; };
/* End PBXBuildFile section */

/* Begin PBXContainerItemProxy section */
		84D14C4A1D473B4B00266602 /* PBXContainerItemProxy */ = {
			isa = PBXContainerItemProxy;
			containerPortal = 84D14C281D473B4900266602 /* Project object */;
			proxyType = 1;
			remoteGlobalIDString = 84D14C2F1D473B4900266602;
			remoteInfo = XLAFNetworking;
		};
		84D14C551D473B4B00266602 /* PBXContainerItemProxy */ = {
			isa = PBXContainerItemProxy;
			containerPortal = 84D14C281D473B4900266602 /* Project object */;
			proxyType = 1;
			remoteGlobalIDString = 84D14C2F1D473B4900266602;
			remoteInfo = XLAFNetworking;
		};
/* End PBXContainerItemProxy section */

/* Begin PBXFileReference section */
		21450EF289A87C5DC824D932 /* Pods-XLAFNetworkingTests.debug.xcconfig */ = {isa = PBXFileReference; includeInIndex = 1; lastKnownFileType = text.xcconfig; name = "Pods-XLAFNetworkingTests.debug.xcconfig"; path = "Pods/Target Support Files/Pods-XLAFNetworkingTests/Pods-XLAFNetworkingTests.debug.xcconfig"; sourceTree = "<group>"; };
		3AE26C1F95FEA860656F32EB /* Pods-XLAFNetworking.release.xcconfig */ = {isa = PBXFileReference; includeInIndex = 1; lastKnownFileType = text.xcconfig; name = "Pods-XLAFNetworking.release.xcconfig"; path = "Pods/Target Support Files/Pods-XLAFNetworking/Pods-XLAFNetworking.release.xcconfig"; sourceTree = "<group>"; };
		3FE9F0792E3B11B69C65BB19 /* libPods-XLAFNetworkingTests.a */ = {isa = PBXFileReference; explicitFileType = archive.ar; includeInIndex = 0; path = "libPods-XLAFNetworkingTests.a"; sourceTree = BUILT_PRODUCTS_DIR; };
		605834F86E182593B56A568D /* Pods-XLAFNetworking.debug.xcconfig */ = {isa = PBXFileReference; includeInIndex = 1; lastKnownFileType = text.xcconfig; name = "Pods-XLAFNetworking.debug.xcconfig"; path = "Pods/Target Support Files/Pods-XLAFNetworking/Pods-XLAFNetworking.debug.xcconfig"; sourceTree = "<group>"; };
		81413075ABC79B9736B567BF /* Pods-XLAFNetworkingUITests.debug.xcconfig */ = {isa = PBXFileReference; includeInIndex = 1; lastKnownFileType = text.xcconfig; name = "Pods-XLAFNetworkingUITests.debug.xcconfig"; path = "Pods/Target Support Files/Pods-XLAFNetworkingUITests/Pods-XLAFNetworkingUITests.debug.xcconfig"; sourceTree = "<group>"; };
		844150231D767DE700A208DC /* HttpRequestMode.h */ = {isa = PBXFileReference; fileEncoding = 4; lastKnownFileType = sourcecode.c.h; path = HttpRequestMode.h; sourceTree = "<group>"; };
		844150241D767DE700A208DC /* HttpRequestMode.m */ = {isa = PBXFileReference; fileEncoding = 4; lastKnownFileType = sourcecode.c.objc; path = HttpRequestMode.m; sourceTree = "<group>"; };
		847B998B1D7E9D6500315FA9 /* FMDatabase.h */ = {isa = PBXFileReference; fileEncoding = 4; lastKnownFileType = sourcecode.c.h; path = FMDatabase.h; sourceTree = "<group>"; };
		847B998C1D7E9D6500315FA9 /* FMDatabase.m */ = {isa = PBXFileReference; fileEncoding = 4; lastKnownFileType = sourcecode.c.objc; path = FMDatabase.m; sourceTree = "<group>"; };
		847B998D1D7E9D6500315FA9 /* FMDatabaseAdditions.h */ = {isa = PBXFileReference; fileEncoding = 4; lastKnownFileType = sourcecode.c.h; path = FMDatabaseAdditions.h; sourceTree = "<group>"; };
		847B998E1D7E9D6500315FA9 /* FMDatabaseAdditions.m */ = {isa = PBXFileReference; fileEncoding = 4; lastKnownFileType = sourcecode.c.objc; path = FMDatabaseAdditions.m; sourceTree = "<group>"; };
		847B998F1D7E9D6500315FA9 /* FMDatabasePool.h */ = {isa = PBXFileReference; fileEncoding = 4; lastKnownFileType = sourcecode.c.h; path = FMDatabasePool.h; sourceTree = "<group>"; };
		847B99901D7E9D6500315FA9 /* FMDatabasePool.m */ = {isa = PBXFileReference; fileEncoding = 4; lastKnownFileType = sourcecode.c.objc; path = FMDatabasePool.m; sourceTree = "<group>"; };
		847B99911D7E9D6500315FA9 /* FMDatabaseQueue.h */ = {isa = PBXFileReference; fileEncoding = 4; lastKnownFileType = sourcecode.c.h; path = FMDatabaseQueue.h; sourceTree = "<group>"; };
		847B99921D7E9D6500315FA9 /* FMDatabaseQueue.m */ = {isa = PBXFileReference; fileEncoding = 4; lastKnownFileType = sourcecode.c.objc; path = FMDatabaseQueue.m; sourceTree = "<group>"; };
		847B99931D7E9D6500315FA9 /* FMDB.h */ = {isa = PBXFileReference; fileEncoding = 4; lastKnownFileType = sourcecode.c.h; path = FMDB.h; sourceTree = "<group>"; };
		847B99941D7E9D6500315FA9 /* FMResultSet.h */ = {isa = PBXFileReference; fileEncoding = 4; lastKnownFileType = sourcecode.c.h; path = FMResultSet.h; sourceTree = "<group>"; };
		847B99951D7E9D6500315FA9 /* FMResultSet.m */ = {isa = PBXFileReference; fileEncoding = 4; lastKnownFileType = sourcecode.c.objc; path = FMResultSet.m; sourceTree = "<group>"; };
		847B99961D7E9D6500315FA9 /* Info.plist */ = {isa = PBXFileReference; fileEncoding = 4; lastKnownFileType = text.plist.xml; path = Info.plist; sourceTree = "<group>"; };
		847B999F1D7EA00900315FA9 /* libsqlite3.tbd */ = {isa = PBXFileReference; lastKnownFileType = "sourcecode.text-based-dylib-definition"; name = libsqlite3.tbd; path = usr/lib/libsqlite3.tbd; sourceTree = SDKROOT; };
		847B99A11D7EB88800315FA9 /* CacheCleanerPlugin.h */ = {isa = PBXFileReference; fileEncoding = 4; lastKnownFileType = sourcecode.c.h; path = CacheCleanerPlugin.h; sourceTree = "<group>"; };
		847B99A21D7EB88800315FA9 /* CacheCleanerPlugin.m */ = {isa = PBXFileReference; fileEncoding = 4; lastKnownFileType = sourcecode.c.objc; path = CacheCleanerPlugin.m; sourceTree = "<group>"; };
		847B99A41D7EB8A400315FA9 /* RetainCycleLoggerPlugin.h */ = {isa = PBXFileReference; fileEncoding = 4; lastKnownFileType = sourcecode.c.h; path = RetainCycleLoggerPlugin.h; sourceTree = "<group>"; };
		847B99A51D7EB8A400315FA9 /* RetainCycleLoggerPlugin.m */ = {isa = PBXFileReference; fileEncoding = 4; lastKnownFileType = sourcecode.c.objc; path = RetainCycleLoggerPlugin.m; sourceTree = "<group>"; };
		847B99A81D7EC78500315FA9 /* FMDatabase+Chain.h */ = {isa = PBXFileReference; fileEncoding = 4; lastKnownFileType = sourcecode.c.h; path = "FMDatabase+Chain.h"; sourceTree = "<group>"; };
		847B99A91D7EC78500315FA9 /* FMDatabase+Chain.m */ = {isa = PBXFileReference; fileEncoding = 4; lastKnownFileType = sourcecode.c.objc; path = "FMDatabase+Chain.m"; sourceTree = "<group>"; };
		847B99AA1D7EC78500315FA9 /* FMDatabase+JRDB.h */ = {isa = PBXFileReference; fileEncoding = 4; lastKnownFileType = sourcecode.c.h; path = "FMDatabase+JRDB.h"; sourceTree = "<group>"; };
		847B99AB1D7EC78500315FA9 /* FMDatabase+JRDB.m */ = {isa = PBXFileReference; fileEncoding = 4; lastKnownFileType = sourcecode.c.objc; path = "FMDatabase+JRDB.m"; sourceTree = "<group>"; };
		847B99AC1D7EC78500315FA9 /* JRActivatedProperty.h */ = {isa = PBXFileReference; fileEncoding = 4; lastKnownFileType = sourcecode.c.h; path = JRActivatedProperty.h; sourceTree = "<group>"; };
		847B99AD1D7EC78500315FA9 /* JRActivatedProperty.m */ = {isa = PBXFileReference; fileEncoding = 4; lastKnownFileType = sourcecode.c.objc; path = JRActivatedProperty.m; sourceTree = "<group>"; };
		847B99AE1D7EC78500315FA9 /* JRColumnSchema.h */ = {isa = PBXFileReference; fileEncoding = 4; lastKnownFileType = sourcecode.c.h; path = JRColumnSchema.h; sourceTree = "<group>"; };
		847B99AF1D7EC78500315FA9 /* JRColumnSchema.m */ = {isa = PBXFileReference; fileEncoding = 4; lastKnownFileType = sourcecode.c.objc; path = JRColumnSchema.m; sourceTree = "<group>"; };
		847B99B01D7EC78500315FA9 /* JRDB.h */ = {isa = PBXFileReference; fileEncoding = 4; lastKnownFileType = sourcecode.c.h; path = JRDB.h; sourceTree = "<group>"; };
		847B99B11D7EC78500315FA9 /* JRDBChain.h */ = {isa = PBXFileReference; fileEncoding = 4; lastKnownFileType = sourcecode.c.h; path = JRDBChain.h; sourceTree = "<group>"; };
		847B99B21D7EC78500315FA9 /* JRDBChain.m */ = {isa = PBXFileReference; fileEncoding = 4; lastKnownFileType = sourcecode.c.objc; path = JRDBChain.m; sourceTree = "<group>"; };
		847B99B31D7EC78500315FA9 /* JRDBMgr.h */ = {isa = PBXFileReference; fileEncoding = 4; lastKnownFileType = sourcecode.c.h; path = JRDBMgr.h; sourceTree = "<group>"; };
		847B99B41D7EC78500315FA9 /* JRDBMgr.m */ = {isa = PBXFileReference; fileEncoding = 4; lastKnownFileType = sourcecode.c.objc; path = JRDBMgr.m; sourceTree = "<group>"; };
		847B99B51D7EC78500315FA9 /* JRDBQueue.h */ = {isa = PBXFileReference; fileEncoding = 4; lastKnownFileType = sourcecode.c.h; path = JRDBQueue.h; sourceTree = "<group>"; };
		847B99B61D7EC78500315FA9 /* JRDBQueue.m */ = {isa = PBXFileReference; fileEncoding = 4; lastKnownFileType = sourcecode.c.objc; path = JRDBQueue.m; sourceTree = "<group>"; };
		847B99B71D7EC78500315FA9 /* JRDBResult.h */ = {isa = PBXFileReference; fileEncoding = 4; lastKnownFileType = sourcecode.c.h; path = JRDBResult.h; sourceTree = "<group>"; };
		847B99B81D7EC78500315FA9 /* JRDBResult.m */ = {isa = PBXFileReference; fileEncoding = 4; lastKnownFileType = sourcecode.c.objc; path = JRDBResult.m; sourceTree = "<group>"; };
		847B99B91D7EC78500315FA9 /* JRFMDBResultSetHandler.h */ = {isa = PBXFileReference; fileEncoding = 4; lastKnownFileType = sourcecode.c.h; path = JRFMDBResultSetHandler.h; sourceTree = "<group>"; };
		847B99BA1D7EC78500315FA9 /* JRFMDBResultSetHandler.m */ = {isa = PBXFileReference; fileEncoding = 4; lastKnownFileType = sourcecode.c.objc; path = JRFMDBResultSetHandler.m; sourceTree = "<group>"; };
		847B99BB1D7EC78500315FA9 /* JRMiddleTable.h */ = {isa = PBXFileReference; fileEncoding = 4; lastKnownFileType = sourcecode.c.h; path = JRMiddleTable.h; sourceTree = "<group>"; };
		847B99BC1D7EC78500315FA9 /* JRMiddleTable.m */ = {isa = PBXFileReference; fileEncoding = 4; lastKnownFileType = sourcecode.c.objc; path = JRMiddleTable.m; sourceTree = "<group>"; };
		847B99BD1D7EC78500315FA9 /* JRPersistent.h */ = {isa = PBXFileReference; fileEncoding = 4; lastKnownFileType = sourcecode.c.h; path = JRPersistent.h; sourceTree = "<group>"; };
		847B99BE1D7EC78500315FA9 /* JRQueryCondition.h */ = {isa = PBXFileReference; fileEncoding = 4; lastKnownFileType = sourcecode.c.h; path = JRQueryCondition.h; sourceTree = "<group>"; };
		847B99BF1D7EC78500315FA9 /* JRQueryCondition.m */ = {isa = PBXFileReference; fileEncoding = 4; lastKnownFileType = sourcecode.c.objc; path = JRQueryCondition.m; sourceTree = "<group>"; };
		847B99C01D7EC78500315FA9 /* JRReflectable.h */ = {isa = PBXFileReference; fileEncoding = 4; lastKnownFileType = sourcecode.c.h; path = JRReflectable.h; sourceTree = "<group>"; };
		847B99C11D7EC78500315FA9 /* JRReflectUtil.h */ = {isa = PBXFileReference; fileEncoding = 4; lastKnownFileType = sourcecode.c.h; path = JRReflectUtil.h; sourceTree = "<group>"; };
		847B99C21D7EC78500315FA9 /* JRReflectUtil.m */ = {isa = PBXFileReference; fileEncoding = 4; lastKnownFileType = sourcecode.c.objc; path = JRReflectUtil.m; sourceTree = "<group>"; };
		847B99C31D7EC78500315FA9 /* JRSqlGenerator.h */ = {isa = PBXFileReference; fileEncoding = 4; lastKnownFileType = sourcecode.c.h; path = JRSqlGenerator.h; sourceTree = "<group>"; };
		847B99C41D7EC78500315FA9 /* JRSqlGenerator.m */ = {isa = PBXFileReference; fileEncoding = 4; lastKnownFileType = sourcecode.c.objc; path = JRSqlGenerator.m; sourceTree = "<group>"; };
		847B99C51D7EC78500315FA9 /* JRUtils.h */ = {isa = PBXFileReference; fileEncoding = 4; lastKnownFileType = sourcecode.c.h; path = JRUtils.h; sourceTree = "<group>"; };
		847B99C61D7EC78500315FA9 /* JRUtils.m */ = {isa = PBXFileReference; fileEncoding = 4; lastKnownFileType = sourcecode.c.objc; path = JRUtils.m; sourceTree = "<group>"; };
		847B99C71D7EC78500315FA9 /* NSObject+JRDB.h */ = {isa = PBXFileReference; fileEncoding = 4; lastKnownFileType = sourcecode.c.h; path = "NSObject+JRDB.h"; sourceTree = "<group>"; };
		847B99C81D7EC78500315FA9 /* NSObject+JRDB.m */ = {isa = PBXFileReference; fileEncoding = 4; lastKnownFileType = sourcecode.c.objc; path = "NSObject+JRDB.m"; sourceTree = "<group>"; };
		847B99C91D7EC78500315FA9 /* NSObject+Reflect.h */ = {isa = PBXFileReference; fileEncoding = 4; lastKnownFileType = sourcecode.c.h; path = "NSObject+Reflect.h"; sourceTree = "<group>"; };
		847B99CA1D7EC78500315FA9 /* NSObject+Reflect.m */ = {isa = PBXFileReference; fileEncoding = 4; lastKnownFileType = sourcecode.c.objc; path = "NSObject+Reflect.m"; sourceTree = "<group>"; };
		847B99CB1D7EC78500315FA9 /* OBJCProperty.h */ = {isa = PBXFileReference; fileEncoding = 4; lastKnownFileType = sourcecode.c.h; path = OBJCProperty.h; sourceTree = "<group>"; };
		847B99CC1D7EC78500315FA9 /* OBJCProperty.m */ = {isa = PBXFileReference; fileEncoding = 4; lastKnownFileType = sourcecode.c.objc; path = OBJCProperty.m; sourceTree = "<group>"; };
		849199971D7FDE5C0098886D /* OffLineCache.h */ = {isa = PBXFileReference; fileEncoding = 4; lastKnownFileType = sourcecode.c.h; path = OffLineCache.h; sourceTree = "<group>"; };
		849199981D7FDE5C0098886D /* OffLineCache.m */ = {isa = PBXFileReference; fileEncoding = 4; lastKnownFileType = sourcecode.c.objc; path = OffLineCache.m; sourceTree = "<group>"; };
		84D14C301D473B4900266602 /* XLAFNetworking.app */ = {isa = PBXFileReference; explicitFileType = wrapper.application; includeInIndex = 0; path = XLAFNetworking.app; sourceTree = BUILT_PRODUCTS_DIR; };
		84D14C341D473B4900266602 /* main.m */ = {isa = PBXFileReference; lastKnownFileType = sourcecode.c.objc; path = main.m; sourceTree = "<group>"; };
		84D14C361D473B4900266602 /* AppDelegate.h */ = {isa = PBXFileReference; lastKnownFileType = sourcecode.c.h; path = AppDelegate.h; sourceTree = "<group>"; };
		84D14C371D473B4900266602 /* AppDelegate.m */ = {isa = PBXFileReference; lastKnownFileType = sourcecode.c.objc; path = AppDelegate.m; sourceTree = "<group>"; };
		84D14C391D473B4A00266602 /* ViewController.h */ = {isa = PBXFileReference; lastKnownFileType = sourcecode.c.h; path = ViewController.h; sourceTree = "<group>"; };
		84D14C3A1D473B4A00266602 /* ViewController.m */ = {isa = PBXFileReference; lastKnownFileType = sourcecode.c.objc; path = ViewController.m; sourceTree = "<group>"; };
		84D14C3D1D473B4A00266602 /* Base */ = {isa = PBXFileReference; lastKnownFileType = file.storyboard; name = Base; path = Base.lproj/Main.storyboard; sourceTree = "<group>"; };
		84D14C3F1D473B4A00266602 /* Assets.xcassets */ = {isa = PBXFileReference; lastKnownFileType = folder.assetcatalog; path = Assets.xcassets; sourceTree = "<group>"; };
		84D14C421D473B4A00266602 /* Base */ = {isa = PBXFileReference; lastKnownFileType = file.storyboard; name = Base; path = Base.lproj/LaunchScreen.storyboard; sourceTree = "<group>"; };
		84D14C441D473B4A00266602 /* Info.plist */ = {isa = PBXFileReference; lastKnownFileType = text.plist.xml; path = Info.plist; sourceTree = "<group>"; };
		84D14C491D473B4B00266602 /* XLAFNetworkingTests.xctest */ = {isa = PBXFileReference; explicitFileType = wrapper.cfbundle; includeInIndex = 0; path = XLAFNetworkingTests.xctest; sourceTree = BUILT_PRODUCTS_DIR; };
		84D14C4D1D473B4B00266602 /* XLAFNetworkingTests.m */ = {isa = PBXFileReference; lastKnownFileType = sourcecode.c.objc; path = XLAFNetworkingTests.m; sourceTree = "<group>"; };
		84D14C4F1D473B4B00266602 /* Info.plist */ = {isa = PBXFileReference; lastKnownFileType = text.plist.xml; path = Info.plist; sourceTree = "<group>"; };
		84D14C541D473B4B00266602 /* XLAFNetworkingUITests.xctest */ = {isa = PBXFileReference; explicitFileType = wrapper.cfbundle; includeInIndex = 0; path = XLAFNetworkingUITests.xctest; sourceTree = BUILT_PRODUCTS_DIR; };
		84D14C581D473B4C00266602 /* XLAFNetworkingUITests.m */ = {isa = PBXFileReference; lastKnownFileType = sourcecode.c.objc; path = XLAFNetworkingUITests.m; sourceTree = "<group>"; };
		84D14C5A1D473B4C00266602 /* Info.plist */ = {isa = PBXFileReference; lastKnownFileType = text.plist.xml; path = Info.plist; sourceTree = "<group>"; };
		84D14C681D473BFA00266602 /* AFHTTPSessionManager.h */ = {isa = PBXFileReference; fileEncoding = 4; lastKnownFileType = sourcecode.c.h; path = AFHTTPSessionManager.h; sourceTree = "<group>"; };
		84D14C691D473BFA00266602 /* AFHTTPSessionManager.m */ = {isa = PBXFileReference; fileEncoding = 4; lastKnownFileType = sourcecode.c.objc; path = AFHTTPSessionManager.m; sourceTree = "<group>"; };
		84D14C6A1D473BFA00266602 /* AFNetworking.h */ = {isa = PBXFileReference; fileEncoding = 4; lastKnownFileType = sourcecode.c.h; path = AFNetworking.h; sourceTree = "<group>"; };
		84D14C6B1D473BFA00266602 /* AFNetworkReachabilityManager.h */ = {isa = PBXFileReference; fileEncoding = 4; lastKnownFileType = sourcecode.c.h; path = AFNetworkReachabilityManager.h; sourceTree = "<group>"; };
		84D14C6C1D473BFA00266602 /* AFNetworkReachabilityManager.m */ = {isa = PBXFileReference; fileEncoding = 4; lastKnownFileType = sourcecode.c.objc; path = AFNetworkReachabilityManager.m; sourceTree = "<group>"; };
		84D14C6D1D473BFA00266602 /* AFSecurityPolicy.h */ = {isa = PBXFileReference; fileEncoding = 4; lastKnownFileType = sourcecode.c.h; path = AFSecurityPolicy.h; sourceTree = "<group>"; };
		84D14C6E1D473BFA00266602 /* AFSecurityPolicy.m */ = {isa = PBXFileReference; fileEncoding = 4; lastKnownFileType = sourcecode.c.objc; path = AFSecurityPolicy.m; sourceTree = "<group>"; };
		84D14C6F1D473BFA00266602 /* AFURLRequestSerialization.h */ = {isa = PBXFileReference; fileEncoding = 4; lastKnownFileType = sourcecode.c.h; path = AFURLRequestSerialization.h; sourceTree = "<group>"; };
		84D14C701D473BFA00266602 /* AFURLRequestSerialization.m */ = {isa = PBXFileReference; fileEncoding = 4; lastKnownFileType = sourcecode.c.objc; path = AFURLRequestSerialization.m; sourceTree = "<group>"; };
		84D14C711D473BFA00266602 /* AFURLResponseSerialization.h */ = {isa = PBXFileReference; fileEncoding = 4; lastKnownFileType = sourcecode.c.h; path = AFURLResponseSerialization.h; sourceTree = "<group>"; };
		84D14C721D473BFA00266602 /* AFURLResponseSerialization.m */ = {isa = PBXFileReference; fileEncoding = 4; lastKnownFileType = sourcecode.c.objc; path = AFURLResponseSerialization.m; sourceTree = "<group>"; };
		84D14C731D473BFA00266602 /* AFURLSessionManager.h */ = {isa = PBXFileReference; fileEncoding = 4; lastKnownFileType = sourcecode.c.h; path = AFURLSessionManager.h; sourceTree = "<group>"; };
		84D14C741D473BFA00266602 /* AFURLSessionManager.m */ = {isa = PBXFileReference; fileEncoding = 4; lastKnownFileType = sourcecode.c.objc; path = AFURLSessionManager.m; sourceTree = "<group>"; };
		84D14C7B1D473BFA00266602 /* HttpClient.h */ = {isa = PBXFileReference; fileEncoding = 4; lastKnownFileType = sourcecode.c.h; path = HttpClient.h; sourceTree = "<group>"; };
		84D14C7C1D473BFA00266602 /* HttpClient.m */ = {isa = PBXFileReference; fileEncoding = 4; lastKnownFileType = sourcecode.c.objc; path = HttpClient.m; sourceTree = "<group>"; };
		84D14C7D1D473BFA00266602 /* HttpError.h */ = {isa = PBXFileReference; fileEncoding = 4; lastKnownFileType = sourcecode.c.h; path = HttpError.h; sourceTree = "<group>"; };
		84D14C7E1D473BFA00266602 /* HttpError.m */ = {isa = PBXFileReference; fileEncoding = 4; lastKnownFileType = sourcecode.c.objc; path = HttpError.m; sourceTree = "<group>"; };
		84D14C7F1D473BFA00266602 /* HttpFileLoadProgress.h */ = {isa = PBXFileReference; fileEncoding = 4; lastKnownFileType = sourcecode.c.h; path = HttpFileLoadProgress.h; sourceTree = "<group>"; };
		84D14C801D473BFA00266602 /* HttpFileLoadProgress.m */ = {isa = PBXFileReference; fileEncoding = 4; lastKnownFileType = sourcecode.c.objc; path = HttpFileLoadProgress.m; sourceTree = "<group>"; };
		84D14C811D473BFA00266602 /* HttpRequest.h */ = {isa = PBXFileReference; fileEncoding = 4; lastKnownFileType = sourcecode.c.h; path = HttpRequest.h; sourceTree = "<group>"; };
		84D14C821D473BFA00266602 /* HttpRequest.m */ = {isa = PBXFileReference; fileEncoding = 4; lastKnownFileType = sourcecode.c.objc; path = HttpRequest.m; sourceTree = "<group>"; };
		84D14C831D473BFA00266602 /* HttpResponse.h */ = {isa = PBXFileReference; fileEncoding = 4; lastKnownFileType = sourcecode.c.h; path = HttpResponse.h; sourceTree = "<group>"; };
		84D14C841D473BFA00266602 /* HttpResponse.m */ = {isa = PBXFileReference; fileEncoding = 4; lastKnownFileType = sourcecode.c.objc; path = HttpResponse.m; sourceTree = "<group>"; };
		84D14C851D473BFA00266602 /* UploadModel.h */ = {isa = PBXFileReference; fileEncoding = 4; lastKnownFileType = sourcecode.c.h; path = UploadModel.h; sourceTree = "<group>"; };
		84D14C861D473BFA00266602 /* UploadModel.m */ = {isa = PBXFileReference; fileEncoding = 4; lastKnownFileType = sourcecode.c.objc; path = UploadModel.m; sourceTree = "<group>"; };
		8B788D27AEA7FC0F2F6FCF89 /* libPods-XLAFNetworking.a */ = {isa = PBXFileReference; explicitFileType = archive.ar; includeInIndex = 0; path = "libPods-XLAFNetworking.a"; sourceTree = BUILT_PRODUCTS_DIR; };
		ACB5DBDAAF4B90CF60E479A7 /* Pods-XLAFNetworkingUITests.release.xcconfig */ = {isa = PBXFileReference; includeInIndex = 1; lastKnownFileType = text.xcconfig; name = "Pods-XLAFNetworkingUITests.release.xcconfig"; path = "Pods/Target Support Files/Pods-XLAFNetworkingUITests/Pods-XLAFNetworkingUITests.release.xcconfig"; sourceTree = "<group>"; };
		D4E9D9FAA045DCA237906B8C /* libPods-XLAFNetworkingUITests.a */ = {isa = PBXFileReference; explicitFileType = archive.ar; includeInIndex = 0; path = "libPods-XLAFNetworkingUITests.a"; sourceTree = BUILT_PRODUCTS_DIR; };
		F7D88C10F3CE2BA8AF32D7F1 /* Pods-XLAFNetworkingTests.release.xcconfig */ = {isa = PBXFileReference; includeInIndex = 1; lastKnownFileType = text.xcconfig; name = "Pods-XLAFNetworkingTests.release.xcconfig"; path = "Pods/Target Support Files/Pods-XLAFNetworkingTests/Pods-XLAFNetworkingTests.release.xcconfig"; sourceTree = "<group>"; };
/* End PBXFileReference section */

/* Begin PBXFrameworksBuildPhase section */
		84D14C2D1D473B4900266602 /* Frameworks */ = {
			isa = PBXFrameworksBuildPhase;
			buildActionMask = 2147483647;
			files = (
				847B99A01D7EA00900315FA9 /* libsqlite3.tbd in Frameworks */,
				C87B83C0E3D7B43F5F9693E9 /* libPods-XLAFNetworking.a in Frameworks */,
			);
			runOnlyForDeploymentPostprocessing = 0;
		};
		84D14C461D473B4B00266602 /* Frameworks */ = {
			isa = PBXFrameworksBuildPhase;
			buildActionMask = 2147483647;
			files = (
				0460C581F697393968719493 /* libPods-XLAFNetworkingTests.a in Frameworks */,
			);
			runOnlyForDeploymentPostprocessing = 0;
		};
		84D14C511D473B4B00266602 /* Frameworks */ = {
			isa = PBXFrameworksBuildPhase;
			buildActionMask = 2147483647;
			files = (
				11F1BC82414EE6FAA8136240 /* libPods-XLAFNetworkingUITests.a in Frameworks */,
			);
			runOnlyForDeploymentPostprocessing = 0;
		};
/* End PBXFrameworksBuildPhase section */

/* Begin PBXGroup section */
		090B5B10D858A082BB0DE0D5 /* Frameworks */ = {
			isa = PBXGroup;
			children = (
				8B788D27AEA7FC0F2F6FCF89 /* libPods-XLAFNetworking.a */,
				3FE9F0792E3B11B69C65BB19 /* libPods-XLAFNetworkingTests.a */,
				D4E9D9FAA045DCA237906B8C /* libPods-XLAFNetworkingUITests.a */,
			);
			name = Frameworks;
			sourceTree = "<group>";
		};
		847B998A1D7E9D6500315FA9 /* fmdb */ = {
			isa = PBXGroup;
			children = (
				847B998B1D7E9D6500315FA9 /* FMDatabase.h */,
				847B998C1D7E9D6500315FA9 /* FMDatabase.m */,
				847B998D1D7E9D6500315FA9 /* FMDatabaseAdditions.h */,
				847B998E1D7E9D6500315FA9 /* FMDatabaseAdditions.m */,
				847B998F1D7E9D6500315FA9 /* FMDatabasePool.h */,
				847B99901D7E9D6500315FA9 /* FMDatabasePool.m */,
				847B99911D7E9D6500315FA9 /* FMDatabaseQueue.h */,
				847B99921D7E9D6500315FA9 /* FMDatabaseQueue.m */,
				847B99931D7E9D6500315FA9 /* FMDB.h */,
				847B99941D7E9D6500315FA9 /* FMResultSet.h */,
				847B99951D7E9D6500315FA9 /* FMResultSet.m */,
				847B99961D7E9D6500315FA9 /* Info.plist */,
			);
			path = fmdb;
			sourceTree = "<group>";
		};
		847B99A71D7EC78500315FA9 /* JRDB */ = {
			isa = PBXGroup;
			children = (
				847B99A81D7EC78500315FA9 /* FMDatabase+Chain.h */,
				847B99A91D7EC78500315FA9 /* FMDatabase+Chain.m */,
				847B99AA1D7EC78500315FA9 /* FMDatabase+JRDB.h */,
				847B99AB1D7EC78500315FA9 /* FMDatabase+JRDB.m */,
				847B99AC1D7EC78500315FA9 /* JRActivatedProperty.h */,
				847B99AD1D7EC78500315FA9 /* JRActivatedProperty.m */,
				847B99AE1D7EC78500315FA9 /* JRColumnSchema.h */,
				847B99AF1D7EC78500315FA9 /* JRColumnSchema.m */,
				847B99B01D7EC78500315FA9 /* JRDB.h */,
				847B99B11D7EC78500315FA9 /* JRDBChain.h */,
				847B99B21D7EC78500315FA9 /* JRDBChain.m */,
				847B99B31D7EC78500315FA9 /* JRDBMgr.h */,
				847B99B41D7EC78500315FA9 /* JRDBMgr.m */,
				847B99B51D7EC78500315FA9 /* JRDBQueue.h */,
				847B99B61D7EC78500315FA9 /* JRDBQueue.m */,
				847B99B71D7EC78500315FA9 /* JRDBResult.h */,
				847B99B81D7EC78500315FA9 /* JRDBResult.m */,
				847B99B91D7EC78500315FA9 /* JRFMDBResultSetHandler.h */,
				847B99BA1D7EC78500315FA9 /* JRFMDBResultSetHandler.m */,
				847B99BB1D7EC78500315FA9 /* JRMiddleTable.h */,
				847B99BC1D7EC78500315FA9 /* JRMiddleTable.m */,
				847B99BD1D7EC78500315FA9 /* JRPersistent.h */,
				847B99BE1D7EC78500315FA9 /* JRQueryCondition.h */,
				847B99BF1D7EC78500315FA9 /* JRQueryCondition.m */,
				847B99C01D7EC78500315FA9 /* JRReflectable.h */,
				847B99C11D7EC78500315FA9 /* JRReflectUtil.h */,
				847B99C21D7EC78500315FA9 /* JRReflectUtil.m */,
				847B99C31D7EC78500315FA9 /* JRSqlGenerator.h */,
				847B99C41D7EC78500315FA9 /* JRSqlGenerator.m */,
				847B99C51D7EC78500315FA9 /* JRUtils.h */,
				847B99C61D7EC78500315FA9 /* JRUtils.m */,
				847B99C71D7EC78500315FA9 /* NSObject+JRDB.h */,
				847B99C81D7EC78500315FA9 /* NSObject+JRDB.m */,
				847B99C91D7EC78500315FA9 /* NSObject+Reflect.h */,
				847B99CA1D7EC78500315FA9 /* NSObject+Reflect.m */,
				847B99CB1D7EC78500315FA9 /* OBJCProperty.h */,
				847B99CC1D7EC78500315FA9 /* OBJCProperty.m */,
			);
			path = JRDB;
			sourceTree = "<group>";
		};
		84D14C271D473B4900266602 = {
			isa = PBXGroup;
			children = (
				847B999F1D7EA00900315FA9 /* libsqlite3.tbd */,
				84D14C321D473B4900266602 /* XLAFNetworking */,
				84D14C4C1D473B4B00266602 /* XLAFNetworkingTests */,
				84D14C571D473B4C00266602 /* XLAFNetworkingUITests */,
				84D14C311D473B4900266602 /* Products */,
				E1EEAAD7DC72163F4E8769FC /* Pods */,
				090B5B10D858A082BB0DE0D5 /* Frameworks */,
			);
			sourceTree = "<group>";
		};
		84D14C311D473B4900266602 /* Products */ = {
			isa = PBXGroup;
			children = (
				84D14C301D473B4900266602 /* XLAFNetworking.app */,
				84D14C491D473B4B00266602 /* XLAFNetworkingTests.xctest */,
				84D14C541D473B4B00266602 /* XLAFNetworkingUITests.xctest */,
			);
			name = Products;
			sourceTree = "<group>";
		};
		84D14C321D473B4900266602 /* XLAFNetworking */ = {
			isa = PBXGroup;
			children = (
				847B99A71D7EC78500315FA9 /* JRDB */,
				847B998A1D7E9D6500315FA9 /* fmdb */,
				84D14C661D473BFA00266602 /* HttpClient */,
				84D14C361D473B4900266602 /* AppDelegate.h */,
				84D14C371D473B4900266602 /* AppDelegate.m */,
				84D14C391D473B4A00266602 /* ViewController.h */,
				84D14C3A1D473B4A00266602 /* ViewController.m */,
				847B99A11D7EB88800315FA9 /* CacheCleanerPlugin.h */,
				847B99A21D7EB88800315FA9 /* CacheCleanerPlugin.m */,
				847B99A41D7EB8A400315FA9 /* RetainCycleLoggerPlugin.h */,
				847B99A51D7EB8A400315FA9 /* RetainCycleLoggerPlugin.m */,
				84D14C3C1D473B4A00266602 /* Main.storyboard */,
				84D14C3F1D473B4A00266602 /* Assets.xcassets */,
				84D14C411D473B4A00266602 /* LaunchScreen.storyboard */,
				84D14C441D473B4A00266602 /* Info.plist */,
				84D14C331D473B4900266602 /* Supporting Files */,
			);
			path = XLAFNetworking;
			sourceTree = "<group>";
		};
		84D14C331D473B4900266602 /* Supporting Files */ = {
			isa = PBXGroup;
			children = (
				84D14C341D473B4900266602 /* main.m */,
			);
			name = "Supporting Files";
			sourceTree = "<group>";
		};
		84D14C4C1D473B4B00266602 /* XLAFNetworkingTests */ = {
			isa = PBXGroup;
			children = (
				84D14C4D1D473B4B00266602 /* XLAFNetworkingTests.m */,
				84D14C4F1D473B4B00266602 /* Info.plist */,
			);
			path = XLAFNetworkingTests;
			sourceTree = "<group>";
		};
		84D14C571D473B4C00266602 /* XLAFNetworkingUITests */ = {
			isa = PBXGroup;
			children = (
				84D14C581D473B4C00266602 /* XLAFNetworkingUITests.m */,
				84D14C5A1D473B4C00266602 /* Info.plist */,
			);
			path = XLAFNetworkingUITests;
			sourceTree = "<group>";
		};
		84D14C661D473BFA00266602 /* HttpClient */ = {
			isa = PBXGroup;
			children = (
				84D14C671D473BFA00266602 /* AFNetworking */,
				84D14C7B1D473BFA00266602 /* HttpClient.h */,
				84D14C7C1D473BFA00266602 /* HttpClient.m */,
				84D14C7D1D473BFA00266602 /* HttpError.h */,
				84D14C7E1D473BFA00266602 /* HttpError.m */,
				84D14C7F1D473BFA00266602 /* HttpFileLoadProgress.h */,
				84D14C801D473BFA00266602 /* HttpFileLoadProgress.m */,
				84D14C811D473BFA00266602 /* HttpRequest.h */,
				84D14C821D473BFA00266602 /* HttpRequest.m */,
				84D14C831D473BFA00266602 /* HttpResponse.h */,
				84D14C841D473BFA00266602 /* HttpResponse.m */,
				844150231D767DE700A208DC /* HttpRequestMode.h */,
				844150241D767DE700A208DC /* HttpRequestMode.m */,
				84D14C851D473BFA00266602 /* UploadModel.h */,
				84D14C861D473BFA00266602 /* UploadModel.m */,
				849199971D7FDE5C0098886D /* OffLineCache.h */,
				849199981D7FDE5C0098886D /* OffLineCache.m */,
			);
			path = HttpClient;
			sourceTree = "<group>";
		};
		84D14C671D473BFA00266602 /* AFNetworking */ = {
			isa = PBXGroup;
			children = (
				84D14C681D473BFA00266602 /* AFHTTPSessionManager.h */,
				84D14C691D473BFA00266602 /* AFHTTPSessionManager.m */,
				84D14C6A1D473BFA00266602 /* AFNetworking.h */,
				84D14C6B1D473BFA00266602 /* AFNetworkReachabilityManager.h */,
				84D14C6C1D473BFA00266602 /* AFNetworkReachabilityManager.m */,
				84D14C6D1D473BFA00266602 /* AFSecurityPolicy.h */,
				84D14C6E1D473BFA00266602 /* AFSecurityPolicy.m */,
				84D14C6F1D473BFA00266602 /* AFURLRequestSerialization.h */,
				84D14C701D473BFA00266602 /* AFURLRequestSerialization.m */,
				84D14C711D473BFA00266602 /* AFURLResponseSerialization.h */,
				84D14C721D473BFA00266602 /* AFURLResponseSerialization.m */,
				84D14C731D473BFA00266602 /* AFURLSessionManager.h */,
				84D14C741D473BFA00266602 /* AFURLSessionManager.m */,
			);
			path = AFNetworking;
			sourceTree = "<group>";
		};
		E1EEAAD7DC72163F4E8769FC /* Pods */ = {
			isa = PBXGroup;
			children = (
				605834F86E182593B56A568D /* Pods-XLAFNetworking.debug.xcconfig */,
				3AE26C1F95FEA860656F32EB /* Pods-XLAFNetworking.release.xcconfig */,
				21450EF289A87C5DC824D932 /* Pods-XLAFNetworkingTests.debug.xcconfig */,
				F7D88C10F3CE2BA8AF32D7F1 /* Pods-XLAFNetworkingTests.release.xcconfig */,
				81413075ABC79B9736B567BF /* Pods-XLAFNetworkingUITests.debug.xcconfig */,
				ACB5DBDAAF4B90CF60E479A7 /* Pods-XLAFNetworkingUITests.release.xcconfig */,
			);
			name = Pods;
			sourceTree = "<group>";
		};
/* End PBXGroup section */

/* Begin PBXNativeTarget section */
		84D14C2F1D473B4900266602 /* XLAFNetworking */ = {
			isa = PBXNativeTarget;
			buildConfigurationList = 84D14C5D1D473B4C00266602 /* Build configuration list for PBXNativeTarget "XLAFNetworking" */;
			buildPhases = (
				FD225A4459996F8E5E5940AC /* [CP] Check Pods Manifest.lock */,
				84D14C2C1D473B4900266602 /* Sources */,
				84D14C2D1D473B4900266602 /* Frameworks */,
				84D14C2E1D473B4900266602 /* Resources */,
				35A6E851090787DB724D455A /* [CP] Embed Pods Frameworks */,
				FDFD42494E798A2807923615 /* [CP] Copy Pods Resources */,
			);
			buildRules = (
			);
			dependencies = (
			);
			name = XLAFNetworking;
			productName = XLAFNetworking;
			productReference = 84D14C301D473B4900266602 /* XLAFNetworking.app */;
			productType = "com.apple.product-type.application";
		};
		84D14C481D473B4B00266602 /* XLAFNetworkingTests */ = {
			isa = PBXNativeTarget;
			buildConfigurationList = 84D14C601D473B4C00266602 /* Build configuration list for PBXNativeTarget "XLAFNetworkingTests" */;
			buildPhases = (
				32A144602356D6A57EE854D0 /* [CP] Check Pods Manifest.lock */,
				84D14C451D473B4B00266602 /* Sources */,
				84D14C461D473B4B00266602 /* Frameworks */,
				84D14C471D473B4B00266602 /* Resources */,
				3BF9EDF4F839117D5BCDB6DE /* [CP] Embed Pods Frameworks */,
				9FA22D16AF6C95591006B227 /* [CP] Copy Pods Resources */,
			);
			buildRules = (
			);
			dependencies = (
				84D14C4B1D473B4B00266602 /* PBXTargetDependency */,
			);
			name = XLAFNetworkingTests;
			productName = XLAFNetworkingTests;
			productReference = 84D14C491D473B4B00266602 /* XLAFNetworkingTests.xctest */;
			productType = "com.apple.product-type.bundle.unit-test";
		};
		84D14C531D473B4B00266602 /* XLAFNetworkingUITests */ = {
			isa = PBXNativeTarget;
			buildConfigurationList = 84D14C631D473B4C00266602 /* Build configuration list for PBXNativeTarget "XLAFNetworkingUITests" */;
			buildPhases = (
				5D99B7EE1830FCF37D99E6B1 /* [CP] Check Pods Manifest.lock */,
				84D14C501D473B4B00266602 /* Sources */,
				84D14C511D473B4B00266602 /* Frameworks */,
				84D14C521D473B4B00266602 /* Resources */,
				530C507BCD367938EFCB9CC3 /* [CP] Copy Pods Resources */,
			);
			buildRules = (
			);
			dependencies = (
				84D14C561D473B4B00266602 /* PBXTargetDependency */,
			);
			name = XLAFNetworkingUITests;
			productName = XLAFNetworkingUITests;
			productReference = 84D14C541D473B4B00266602 /* XLAFNetworkingUITests.xctest */;
			productType = "com.apple.product-type.bundle.ui-testing";
		};
/* End PBXNativeTarget section */

/* Begin PBXProject section */
		84D14C281D473B4900266602 /* Project object */ = {
			isa = PBXProject;
			attributes = {
				LastUpgradeCheck = 0720;
				ORGANIZATIONNAME = 3ti;
				TargetAttributes = {
					84D14C2F1D473B4900266602 = {
						CreatedOnToolsVersion = 7.2;
						DevelopmentTeam = KX9X69P79J;
						DevelopmentTeamName = "兴龙 史 (Personal Team)";
					};
					84D14C481D473B4B00266602 = {
						CreatedOnToolsVersion = 7.2;
						TestTargetID = 84D14C2F1D473B4900266602;
					};
					84D14C531D473B4B00266602 = {
						CreatedOnToolsVersion = 7.2;
						TestTargetID = 84D14C2F1D473B4900266602;
					};
				};
			};
			buildConfigurationList = 84D14C2B1D473B4900266602 /* Build configuration list for PBXProject "XLAFNetworking" */;
			compatibilityVersion = "Xcode 3.2";
			developmentRegion = English;
			hasScannedForEncodings = 0;
			knownRegions = (
				en,
				Base,
			);
			mainGroup = 84D14C271D473B4900266602;
			productRefGroup = 84D14C311D473B4900266602 /* Products */;
			projectDirPath = "";
			projectRoot = "";
			targets = (
				84D14C2F1D473B4900266602 /* XLAFNetworking */,
				84D14C481D473B4B00266602 /* XLAFNetworkingTests */,
				84D14C531D473B4B00266602 /* XLAFNetworkingUITests */,
			);
		};
/* End PBXProject section */

/* Begin PBXResourcesBuildPhase section */
		84D14C2E1D473B4900266602 /* Resources */ = {
			isa = PBXResourcesBuildPhase;
			buildActionMask = 2147483647;
			files = (
				847B999C1D7E9D6500315FA9 /* Info.plist in Resources */,
				84D14C431D473B4A00266602 /* LaunchScreen.storyboard in Resources */,
				84D14C401D473B4A00266602 /* Assets.xcassets in Resources */,
				84D14C3E1D473B4A00266602 /* Main.storyboard in Resources */,
			);
			runOnlyForDeploymentPostprocessing = 0;
		};
		84D14C471D473B4B00266602 /* Resources */ = {
			isa = PBXResourcesBuildPhase;
			buildActionMask = 2147483647;
			files = (
			);
			runOnlyForDeploymentPostprocessing = 0;
		};
		84D14C521D473B4B00266602 /* Resources */ = {
			isa = PBXResourcesBuildPhase;
			buildActionMask = 2147483647;
			files = (
			);
			runOnlyForDeploymentPostprocessing = 0;
		};
/* End PBXResourcesBuildPhase section */

/* Begin PBXShellScriptBuildPhase section */
		32A144602356D6A57EE854D0 /* [CP] Check Pods Manifest.lock */ = {
			isa = PBXShellScriptBuildPhase;
			buildActionMask = 2147483647;
			files = (
			);
			inputPaths = (
			);
			name = "[CP] Check Pods Manifest.lock";
			outputPaths = (
			);
			runOnlyForDeploymentPostprocessing = 0;
			shellPath = /bin/sh;
			shellScript = "diff \"${PODS_ROOT}/../Podfile.lock\" \"${PODS_ROOT}/Manifest.lock\" > /dev/null\nif [[ $? != 0 ]] ; then\n    cat << EOM\nerror: The sandbox is not in sync with the Podfile.lock. Run 'pod install' or update your CocoaPods installation.\nEOM\n    exit 1\nfi\n";
			showEnvVarsInLog = 0;
		};
		35A6E851090787DB724D455A /* [CP] Embed Pods Frameworks */ = {
			isa = PBXShellScriptBuildPhase;
			buildActionMask = 2147483647;
			files = (
			);
			inputPaths = (
			);
			name = "[CP] Embed Pods Frameworks";
			outputPaths = (
			);
			runOnlyForDeploymentPostprocessing = 0;
			shellPath = /bin/sh;
			shellScript = "\"${SRCROOT}/Pods/Target Support Files/Pods-XLAFNetworking/Pods-XLAFNetworking-frameworks.sh\"\n";
			showEnvVarsInLog = 0;
		};
		3BF9EDF4F839117D5BCDB6DE /* [CP] Embed Pods Frameworks */ = {
			isa = PBXShellScriptBuildPhase;
			buildActionMask = 2147483647;
			files = (
			);
			inputPaths = (
			);
			name = "[CP] Embed Pods Frameworks";
			outputPaths = (
			);
			runOnlyForDeploymentPostprocessing = 0;
			shellPath = /bin/sh;
			shellScript = "\"${SRCROOT}/Pods/Target Support Files/Pods-XLAFNetworkingTests/Pods-XLAFNetworkingTests-frameworks.sh\"\n";
			showEnvVarsInLog = 0;
		};
		530C507BCD367938EFCB9CC3 /* [CP] Copy Pods Resources */ = {
			isa = PBXShellScriptBuildPhase;
			buildActionMask = 2147483647;
			files = (
			);
			inputPaths = (
			);
			name = "[CP] Copy Pods Resources";
			outputPaths = (
			);
			runOnlyForDeploymentPostprocessing = 0;
			shellPath = /bin/sh;
			shellScript = "\"${SRCROOT}/Pods/Target Support Files/Pods-XLAFNetworkingUITests/Pods-XLAFNetworkingUITests-resources.sh\"\n";
			showEnvVarsInLog = 0;
		};
		5D99B7EE1830FCF37D99E6B1 /* [CP] Check Pods Manifest.lock */ = {
			isa = PBXShellScriptBuildPhase;
			buildActionMask = 2147483647;
			files = (
			);
			inputPaths = (
			);
			name = "[CP] Check Pods Manifest.lock";
			outputPaths = (
			);
			runOnlyForDeploymentPostprocessing = 0;
			shellPath = /bin/sh;
			shellScript = "diff \"${PODS_ROOT}/../Podfile.lock\" \"${PODS_ROOT}/Manifest.lock\" > /dev/null\nif [[ $? != 0 ]] ; then\n    cat << EOM\nerror: The sandbox is not in sync with the Podfile.lock. Run 'pod install' or update your CocoaPods installation.\nEOM\n    exit 1\nfi\n";
			showEnvVarsInLog = 0;
		};
		9FA22D16AF6C95591006B227 /* [CP] Copy Pods Resources */ = {
			isa = PBXShellScriptBuildPhase;
			buildActionMask = 2147483647;
			files = (
			);
			inputPaths = (
			);
			name = "[CP] Copy Pods Resources";
			outputPaths = (
			);
			runOnlyForDeploymentPostprocessing = 0;
			shellPath = /bin/sh;
			shellScript = "\"${SRCROOT}/Pods/Target Support Files/Pods-XLAFNetworkingTests/Pods-XLAFNetworkingTests-resources.sh\"\n";
			showEnvVarsInLog = 0;
		};
		FD225A4459996F8E5E5940AC /* [CP] Check Pods Manifest.lock */ = {
			isa = PBXShellScriptBuildPhase;
			buildActionMask = 2147483647;
			files = (
			);
			inputPaths = (
			);
			name = "[CP] Check Pods Manifest.lock";
			outputPaths = (
			);
			runOnlyForDeploymentPostprocessing = 0;
			shellPath = /bin/sh;
			shellScript = "diff \"${PODS_ROOT}/../Podfile.lock\" \"${PODS_ROOT}/Manifest.lock\" > /dev/null\nif [[ $? != 0 ]] ; then\n    cat << EOM\nerror: The sandbox is not in sync with the Podfile.lock. Run 'pod install' or update your CocoaPods installation.\nEOM\n    exit 1\nfi\n";
			showEnvVarsInLog = 0;
		};
		FDFD42494E798A2807923615 /* [CP] Copy Pods Resources */ = {
			isa = PBXShellScriptBuildPhase;
			buildActionMask = 2147483647;
			files = (
			);
			inputPaths = (
			);
			name = "[CP] Copy Pods Resources";
			outputPaths = (
			);
			runOnlyForDeploymentPostprocessing = 0;
			shellPath = /bin/sh;
			shellScript = "\"${SRCROOT}/Pods/Target Support Files/Pods-XLAFNetworking/Pods-XLAFNetworking-resources.sh\"\n";
			showEnvVarsInLog = 0;
		};
/* End PBXShellScriptBuildPhase section */

/* Begin PBXSourcesBuildPhase section */
		84D14C2C1D473B4900266602 /* Sources */ = {
			isa = PBXSourcesBuildPhase;
			buildActionMask = 2147483647;
			files = (
				847B99D01D7EC78500315FA9 /* JRColumnSchema.m in Sources */,
				847B99D41D7EC78500315FA9 /* JRDBResult.m in Sources */,
				84D14C8C1D473BFA00266602 /* AFURLSessionManager.m in Sources */,
				84D14C3B1D473B4A00266602 /* ViewController.m in Sources */,
				847B99D71D7EC78500315FA9 /* JRQueryCondition.m in Sources */,
				847B99991D7E9D6500315FA9 /* FMDatabasePool.m in Sources */,
				847B99DC1D7EC78500315FA9 /* NSObject+Reflect.m in Sources */,
				847B99CD1D7EC78500315FA9 /* FMDatabase+Chain.m in Sources */,
				84D14C901D473BFA00266602 /* HttpError.m in Sources */,
				847B99D21D7EC78500315FA9 /* JRDBMgr.m in Sources */,
				847B99D31D7EC78500315FA9 /* JRDBQueue.m in Sources */,
				84D14C381D473B4900266602 /* AppDelegate.m in Sources */,
				847B99DD1D7EC78500315FA9 /* OBJCProperty.m in Sources */,
				847B99DB1D7EC78500315FA9 /* NSObject+JRDB.m in Sources */,
				847B999A1D7E9D6500315FA9 /* FMDatabaseQueue.m in Sources */,
				849199991D7FDE5C0098886D /* OffLineCache.m in Sources */,
				847B99971D7E9D6500315FA9 /* FMDatabase.m in Sources */,
				847B99CF1D7EC78500315FA9 /* JRActivatedProperty.m in Sources */,
				847B99D91D7EC78500315FA9 /* JRSqlGenerator.m in Sources */,
				847B99981D7E9D6500315FA9 /* FMDatabaseAdditions.m in Sources */,
				84D14C911D473BFA00266602 /* HttpFileLoadProgress.m in Sources */,
				847B999B1D7E9D6500315FA9 /* FMResultSet.m in Sources */,
				84D14C881D473BFA00266602 /* AFNetworkReachabilityManager.m in Sources */,
				847B99D51D7EC78500315FA9 /* JRFMDBResultSetHandler.m in Sources */,
				844150251D767DE700A208DC /* HttpRequestMode.m in Sources */,
				847B99DA1D7EC78500315FA9 /* JRUtils.m in Sources */,
				847B99D11D7EC78500315FA9 /* JRDBChain.m in Sources */,
				847B99CE1D7EC78500315FA9 /* FMDatabase+JRDB.m in Sources */,
				84D14C351D473B4900266602 /* main.m in Sources */,
				84D14C931D473BFA00266602 /* HttpResponse.m in Sources */,
				84D14C8F1D473BFA00266602 /* HttpClient.m in Sources */,
				84D14C891D473BFA00266602 /* AFSecurityPolicy.m in Sources */,
				847B99D81D7EC78500315FA9 /* JRReflectUtil.m in Sources */,
				84D14C8A1D473BFA00266602 /* AFURLRequestSerialization.m in Sources */,
				84D14C941D473BFA00266602 /* UploadModel.m in Sources */,
				847B99A31D7EB88800315FA9 /* CacheCleanerPlugin.m in Sources */,
				847B99A61D7EB8A400315FA9 /* RetainCycleLoggerPlugin.m in Sources */,
				84D14C8B1D473BFA00266602 /* AFURLResponseSerialization.m in Sources */,
				84D14C921D473BFA00266602 /* HttpRequest.m in Sources */,
				847B99D61D7EC78500315FA9 /* JRMiddleTable.m in Sources */,
				84D14C871D473BFA00266602 /* AFHTTPSessionManager.m in Sources */,
			);
			runOnlyForDeploymentPostprocessing = 0;
		};
		84D14C451D473B4B00266602 /* Sources */ = {
			isa = PBXSourcesBuildPhase;
			buildActionMask = 2147483647;
			files = (
				84D14C4E1D473B4B00266602 /* XLAFNetworkingTests.m in Sources */,
			);
			runOnlyForDeploymentPostprocessing = 0;
		};
		84D14C501D473B4B00266602 /* Sources */ = {
			isa = PBXSourcesBuildPhase;
			buildActionMask = 2147483647;
			files = (
				84D14C591D473B4C00266602 /* XLAFNetworkingUITests.m in Sources */,
			);
			runOnlyForDeploymentPostprocessing = 0;
		};
/* End PBXSourcesBuildPhase section */

/* Begin PBXTargetDependency section */
		84D14C4B1D473B4B00266602 /* PBXTargetDependency */ = {
			isa = PBXTargetDependency;
			target = 84D14C2F1D473B4900266602 /* XLAFNetworking */;
			targetProxy = 84D14C4A1D473B4B00266602 /* PBXContainerItemProxy */;
		};
		84D14C561D473B4B00266602 /* PBXTargetDependency */ = {
			isa = PBXTargetDependency;
			target = 84D14C2F1D473B4900266602 /* XLAFNetworking */;
			targetProxy = 84D14C551D473B4B00266602 /* PBXContainerItemProxy */;
		};
/* End PBXTargetDependency section */

/* Begin PBXVariantGroup section */
		84D14C3C1D473B4A00266602 /* Main.storyboard */ = {
			isa = PBXVariantGroup;
			children = (
				84D14C3D1D473B4A00266602 /* Base */,
			);
			name = Main.storyboard;
			sourceTree = "<group>";
		};
		84D14C411D473B4A00266602 /* LaunchScreen.storyboard */ = {
			isa = PBXVariantGroup;
			children = (
				84D14C421D473B4A00266602 /* Base */,
			);
			name = LaunchScreen.storyboard;
			sourceTree = "<group>";
		};
/* End PBXVariantGroup section */

/* Begin XCBuildConfiguration section */
		84D14C5B1D473B4C00266602 /* Debug */ = {
			isa = XCBuildConfiguration;
			buildSettings = {
				ALWAYS_SEARCH_USER_PATHS = NO;
				CLANG_CXX_LANGUAGE_STANDARD = "gnu++0x";
				CLANG_CXX_LIBRARY = "libc++";
				CLANG_ENABLE_MODULES = YES;
				CLANG_ENABLE_OBJC_ARC = YES;
				CLANG_WARN_BOOL_CONVERSION = YES;
				CLANG_WARN_CONSTANT_CONVERSION = YES;
				CLANG_WARN_DIRECT_OBJC_ISA_USAGE = YES_ERROR;
				CLANG_WARN_EMPTY_BODY = YES;
				CLANG_WARN_ENUM_CONVERSION = YES;
				CLANG_WARN_INT_CONVERSION = YES;
				CLANG_WARN_OBJC_ROOT_CLASS = YES_ERROR;
				CLANG_WARN_UNREACHABLE_CODE = YES;
				CLANG_WARN__DUPLICATE_METHOD_MATCH = YES;
				"CODE_SIGN_IDENTITY[sdk=iphoneos*]" = "iPhone Developer";
				COPY_PHASE_STRIP = NO;
				DEBUG_INFORMATION_FORMAT = dwarf;
				ENABLE_STRICT_OBJC_MSGSEND = YES;
				ENABLE_TESTABILITY = YES;
				GCC_C_LANGUAGE_STANDARD = gnu99;
				GCC_DYNAMIC_NO_PIC = NO;
				GCC_NO_COMMON_BLOCKS = YES;
				GCC_OPTIMIZATION_LEVEL = 0;
				GCC_PREPROCESSOR_DEFINITIONS = (
					"DEBUG=1",
					"$(inherited)",
				);
				GCC_WARN_64_TO_32_BIT_CONVERSION = YES;
				GCC_WARN_ABOUT_RETURN_TYPE = YES_ERROR;
				GCC_WARN_UNDECLARED_SELECTOR = YES;
				GCC_WARN_UNINITIALIZED_AUTOS = YES_AGGRESSIVE;
				GCC_WARN_UNUSED_FUNCTION = YES;
				GCC_WARN_UNUSED_VARIABLE = YES;
				IPHONEOS_DEPLOYMENT_TARGET = 9.2;
				MTL_ENABLE_DEBUG_INFO = YES;
				ONLY_ACTIVE_ARCH = YES;
				SDKROOT = iphoneos;
			};
			name = Debug;
		};
		84D14C5C1D473B4C00266602 /* Release */ = {
			isa = XCBuildConfiguration;
			buildSettings = {
				ALWAYS_SEARCH_USER_PATHS = NO;
				CLANG_CXX_LANGUAGE_STANDARD = "gnu++0x";
				CLANG_CXX_LIBRARY = "libc++";
				CLANG_ENABLE_MODULES = YES;
				CLANG_ENABLE_OBJC_ARC = YES;
				CLANG_WARN_BOOL_CONVERSION = YES;
				CLANG_WARN_CONSTANT_CONVERSION = YES;
				CLANG_WARN_DIRECT_OBJC_ISA_USAGE = YES_ERROR;
				CLANG_WARN_EMPTY_BODY = YES;
				CLANG_WARN_ENUM_CONVERSION = YES;
				CLANG_WARN_INT_CONVERSION = YES;
				CLANG_WARN_OBJC_ROOT_CLASS = YES_ERROR;
				CLANG_WARN_UNREACHABLE_CODE = YES;
				CLANG_WARN__DUPLICATE_METHOD_MATCH = YES;
				"CODE_SIGN_IDENTITY[sdk=iphoneos*]" = "iPhone Developer";
				COPY_PHASE_STRIP = NO;
				DEBUG_INFORMATION_FORMAT = "dwarf-with-dsym";
				ENABLE_NS_ASSERTIONS = NO;
				ENABLE_STRICT_OBJC_MSGSEND = YES;
				GCC_C_LANGUAGE_STANDARD = gnu99;
				GCC_NO_COMMON_BLOCKS = YES;
				GCC_WARN_64_TO_32_BIT_CONVERSION = YES;
				GCC_WARN_ABOUT_RETURN_TYPE = YES_ERROR;
				GCC_WARN_UNDECLARED_SELECTOR = YES;
				GCC_WARN_UNINITIALIZED_AUTOS = YES_AGGRESSIVE;
				GCC_WARN_UNUSED_FUNCTION = YES;
				GCC_WARN_UNUSED_VARIABLE = YES;
				IPHONEOS_DEPLOYMENT_TARGET = 9.2;
				MTL_ENABLE_DEBUG_INFO = NO;
				SDKROOT = iphoneos;
				VALIDATE_PRODUCT = YES;
			};
			name = Release;
		};
		84D14C5E1D473B4C00266602 /* Debug */ = {
			isa = XCBuildConfiguration;
			baseConfigurationReference = 605834F86E182593B56A568D /* Pods-XLAFNetworking.debug.xcconfig */;
			buildSettings = {
				ASSETCATALOG_COMPILER_APPICON_NAME = AppIcon;
				INFOPLIST_FILE = XLAFNetworking/Info.plist;
				IPHONEOS_DEPLOYMENT_TARGET = 8.0;
				LD_RUNPATH_SEARCH_PATHS = "$(inherited) @executable_path/Frameworks";
				OTHER_LIBTOOLFLAGS = "";
				PRODUCT_BUNDLE_IDENTIFIER = com.3ti.us.XLAFNetworking;
				PRODUCT_NAME = "$(TARGET_NAME)";
			};
			name = Debug;
		};
		84D14C5F1D473B4C00266602 /* Release */ = {
			isa = XCBuildConfiguration;
			baseConfigurationReference = 3AE26C1F95FEA860656F32EB /* Pods-XLAFNetworking.release.xcconfig */;
			buildSettings = {
				ASSETCATALOG_COMPILER_APPICON_NAME = AppIcon;
				INFOPLIST_FILE = XLAFNetworking/Info.plist;
				IPHONEOS_DEPLOYMENT_TARGET = 8.0;
				LD_RUNPATH_SEARCH_PATHS = "$(inherited) @executable_path/Frameworks";
				OTHER_LIBTOOLFLAGS = "";
				PRODUCT_BUNDLE_IDENTIFIER = com.3ti.us.XLAFNetworking;
				PRODUCT_NAME = "$(TARGET_NAME)";
			};
			name = Release;
		};
		84D14C611D473B4C00266602 /* Debug */ = {
			isa = XCBuildConfiguration;
			baseConfigurationReference = 21450EF289A87C5DC824D932 /* Pods-XLAFNetworkingTests.debug.xcconfig */;
			buildSettings = {
				BUNDLE_LOADER = "$(TEST_HOST)";
				INFOPLIST_FILE = XLAFNetworkingTests/Info.plist;
				LD_RUNPATH_SEARCH_PATHS = "$(inherited) @executable_path/Frameworks @loader_path/Frameworks";
				PRODUCT_BUNDLE_IDENTIFIER = com.3ti.us.XLAFNetworkingTests;
				PRODUCT_NAME = "$(TARGET_NAME)";
				TEST_HOST = "$(BUILT_PRODUCTS_DIR)/XLAFNetworking.app/XLAFNetworking";
			};
			name = Debug;
		};
		84D14C621D473B4C00266602 /* Release */ = {
			isa = XCBuildConfiguration;
			baseConfigurationReference = F7D88C10F3CE2BA8AF32D7F1 /* Pods-XLAFNetworkingTests.release.xcconfig */;
			buildSettings = {
				BUNDLE_LOADER = "$(TEST_HOST)";
				INFOPLIST_FILE = XLAFNetworkingTests/Info.plist;
				LD_RUNPATH_SEARCH_PATHS = "$(inherited) @executable_path/Frameworks @loader_path/Frameworks";
				PRODUCT_BUNDLE_IDENTIFIER = com.3ti.us.XLAFNetworkingTests;
				PRODUCT_NAME = "$(TARGET_NAME)";
				TEST_HOST = "$(BUILT_PRODUCTS_DIR)/XLAFNetworking.app/XLAFNetworking";
			};
			name = Release;
		};
		84D14C641D473B4C00266602 /* Debug */ = {
			isa = XCBuildConfiguration;
			baseConfigurationReference = 81413075ABC79B9736B567BF /* Pods-XLAFNetworkingUITests.debug.xcconfig */;
			buildSettings = {
				INFOPLIST_FILE = XLAFNetworkingUITests/Info.plist;
				LD_RUNPATH_SEARCH_PATHS = "$(inherited) @executable_path/Frameworks @loader_path/Frameworks";
				PRODUCT_BUNDLE_IDENTIFIER = com.3ti.us.XLAFNetworkingUITests;
				PRODUCT_NAME = "$(TARGET_NAME)";
				TEST_TARGET_NAME = XLAFNetworking;
				USES_XCTRUNNER = YES;
			};
			name = Debug;
		};
		84D14C651D473B4C00266602 /* Release */ = {
			isa = XCBuildConfiguration;
			baseConfigurationReference = ACB5DBDAAF4B90CF60E479A7 /* Pods-XLAFNetworkingUITests.release.xcconfig */;
			buildSettings = {
				INFOPLIST_FILE = XLAFNetworkingUITests/Info.plist;
				LD_RUNPATH_SEARCH_PATHS = "$(inherited) @executable_path/Frameworks @loader_path/Frameworks";
				PRODUCT_BUNDLE_IDENTIFIER = com.3ti.us.XLAFNetworkingUITests;
				PRODUCT_NAME = "$(TARGET_NAME)";
				TEST_TARGET_NAME = XLAFNetworking;
				USES_XCTRUNNER = YES;
			};
			name = Release;
		};
/* End XCBuildConfiguration section */

/* Begin XCConfigurationList section */
		84D14C2B1D473B4900266602 /* Build configuration list for PBXProject "XLAFNetworking" */ = {
			isa = XCConfigurationList;
			buildConfigurations = (
				84D14C5B1D473B4C00266602 /* Debug */,
				84D14C5C1D473B4C00266602 /* Release */,
			);
			defaultConfigurationIsVisible = 0;
			defaultConfigurationName = Release;
		};
		84D14C5D1D473B4C00266602 /* Build configuration list for PBXNativeTarget "XLAFNetworking" */ = {
			isa = XCConfigurationList;
			buildConfigurations = (
				84D14C5E1D473B4C00266602 /* Debug */,
				84D14C5F1D473B4C00266602 /* Release */,
			);
			defaultConfigurationIsVisible = 0;
			defaultConfigurationName = Release;
		};
		84D14C601D473B4C00266602 /* Build configuration list for PBXNativeTarget "XLAFNetworkingTests" */ = {
			isa = XCConfigurationList;
			buildConfigurations = (
				84D14C611D473B4C00266602 /* Debug */,
				84D14C621D473B4C00266602 /* Release */,
			);
			defaultConfigurationIsVisible = 0;
			defaultConfigurationName = Release;
		};
		84D14C631D473B4C00266602 /* Build configuration list for PBXNativeTarget "XLAFNetworkingUITests" */ = {
			isa = XCConfigurationList;
			buildConfigurations = (
				84D14C641D473B4C00266602 /* Debug */,
				84D14C651D473B4C00266602 /* Release */,
			);
			defaultConfigurationIsVisible = 0;
			defaultConfigurationName = Release;
		};
/* End XCConfigurationList section */
	};
	rootObject = 84D14C281D473B4900266602 /* Project object */;
}
